<?xml version="1.0" encoding="utf-8"?>
<Project ToolsVersion="4.0" xmlns="http://schemas.microsoft.com/developer/msbuild/2003">
  <ItemGroup>
    <Filter Include="Source Files">
      <UniqueIdentifier>{4FC737F1-C7A5-4376-A066-2A32D752A2FF}</UniqueIdentifier>
      <Extensions>cpp;c;cc;cxx;def;odl;idl;hpj;bat;asm;asmx</Extensions>
    </Filter>
    <Filter Include="Header Files">
      <UniqueIdentifier>{93995380-89BD-4b04-88EB-625FBE52EBFB}</UniqueIdentifier>
      <Extensions>h;hh;hpp;hxx;hm;inl;inc;xsd</Extensions>
    </Filter>
    <Filter Include="Resource Files">
      <UniqueIdentifier>{67DA6AB6-F800-4c08-8B7A-83BB121AAD01}</UniqueIdentifier>
      <Extensions>rc;ico;cur;bmp;dlg;rc2;rct;bin;rgs;gif;jpg;jpeg;jpe;resx;tiff;tif;png;wav;mfcribbon-ms</Extensions>
    </Filter>
  </ItemGroup>
  <ItemGroup>
    <ClInclude Include="Model\AIOAsset.hpp">
      <Filter>Header Files</Filter>
    </ClInclude>
    <ClInclude Include="Model\AIONode.hpp">
      <Filter>Header Files</Filter>
    </ClInclude>
    <ClInclude Include="Model\AIOMatrix4.hpp">
      <Filter>Header Files</Filter>
    </ClInclude>
    <ClInclude Include="Model\AIOVector3.hpp">
      <Filter>Header Files</Filter>
    </ClInclude>
    <ClInclude Include="Model\AIOMesh.hpp">
      <Filter>Header Files</Filter>
    </ClInclude>
    <ClInclude Include="Model\AIOVector2.hpp">
      <Filter>Header Files</Filter>
    </ClInclude>
    <ClInclude Include="Model\AIOVector4.hpp">
      <Filter>Header Files</Filter>
    </ClInclude>
    <ClInclude Include="Model\AIOMaterial.hpp">
      <Filter>Header Files</Filter>
    </ClInclude>
    <ClInclude Include="Model\AIOLightSource.hpp">
      <Filter>Header Files</Filter>
    </ClInclude>
    <ClInclude Include="Model\AIOTexture.hpp">
      <Filter>Header Files</Filter>
    </ClInclude>
    <ClInclude Include="Model\AIOAnimation.hpp">
      <Filter>Header Files</Filter>
    </ClInclude>
    <ClInclude Include="Importer\AIOBlenderImporter.hpp">
      <Filter>Header Files</Filter>
    </ClInclude>
    <ClInclude Include="Model\AIOException.hpp">
      <Filter>Header Files</Filter>
    </ClInclude>
    <ClInclude Include="Importer\BlenderImporter\SDNAStructure.hpp">
      <Filter>Header Files</Filter>
    </ClInclude>
    <ClInclude Include="dllconfig.hpp">
      <Filter>Header Files</Filter>
    </ClInclude>
    <ClInclude Include="Model\AIOMatrix3.hpp">
      <Filter>Header Files</Filter>
    </ClInclude>
  </ItemGroup>
  <ItemGroup>
    <ClCompile Include="Model\AIOAsset.cpp">
      <Filter>Source Files</Filter>
    </ClCompile>
    <ClCompile Include="Model\AIOVector2.cpp">
      <Filter>Source Files</Filter>
    </ClCompile>
    <ClCompile Include="Model\AIOVector3.cpp">
      <Filter>Source Files</Filter>
    </ClCompile>
    <ClCompile Include="Model\AIOVector4.cpp">
      <Filter>Source Files</Filter>
    </ClCompile>
    <ClCompile Include="Model\AIOMatrix4.cpp">
      <Filter>Source Files</Filter>
    </ClCompile>
    <ClCompile Include="Model\AIOTexture.cpp">
      <Filter>Source Files</Filter>
    </ClCompile>
    <ClCompile Include="Model\AIOMaterial.cpp">
      <Filter>Source Files</Filter>
    </ClCompile>
    <ClCompile Include="Model\AIOLightSource.cpp">
      <Filter>Source Files</Filter>
    </ClCompile>
    <ClCompile Include="Model\AIOAnimation.cpp">
      <Filter>Source Files</Filter>
    </ClCompile>
    <ClCompile Include="Model\AIOMesh.cpp">
      <Filter>Source Files</Filter>
    </ClCompile>
    <ClCompile Include="Model\AIONode.cpp">
      <Filter>Source Files</Filter>
    </ClCompile>
    <ClCompile Include="Importer\AIOBlenderImporter.cpp">
      <Filter>Source Files</Filter>
    </ClCompile>
    <ClCompile Include="Model\AIOException.cpp">
      <Filter>Source Files</Filter>
    </ClCompile>
    <ClCompile Include="Importer\BlenderImporter\SDNAStructure.cpp">
      <Filter>Source Files</Filter>
    </ClCompile>
  </ItemGroup>
</Project>